{
  "name": "mat-timepicker",
  "version": "5.1.4",
  "lockfileVersion": 2,
  "requires": true,
  "packages": {
    "": {
      "name": "mat-timepicker",
      "version": "5.1.4",
      "license": "MIT",
      "peerDependencies": {
        "@angular/cdk": "^12.2.13",
        "@angular/common": "~12.2.16",
        "@angular/compiler": "~12.2.16",
        "@angular/core": "~12.2.16",
        "@angular/forms": "~12.2.16",
        "@angular/material": "^12.2.13",
        "@angular/platform-browser": "~12.2.16",
        "@angular/platform-browser-dynamic": "~12.2.16",
        "@angular/router": "~12.2.16",
        "rxjs": "~6.5.4",
        "tslib": "^2.3.1",
        "zone.js": "~0.11.4"
      }
    },
    "node_modules/@angular/animations": {
      "version": "12.2.16",
      "resolved": "https://registry.npmjs.org/@angular/animations/-/animations-12.2.16.tgz",
      "integrity": "sha512-Kf6C7Ta+fCMq5DvT9JNVhBkcECrqFa3wumiC6ssGo5sNaEzXz+tlep9ZgEbqfxSn7gAN7L1DgsbS9u0O6tbUkg==",
      "peer": true,
      "dependencies": {
        "tslib": "^2.2.0"
      },
      "engines": {
        "node": "^12.14.1 || >=14.0.0"
      },
      "peerDependencies": {
        "@angular/core": "12.2.16"
      }
    },
    "node_modules/@angular/cdk": {
      "version": "12.2.13",
      "resolved": "https://registry.npmjs.org/@angular/cdk/-/cdk-12.2.13.tgz",
      "integrity": "sha512-zSKRhECyFqhingIeyRInIyTvYErt4gWo+x5DQr0b7YLUbU8DZSwWnG4w76Ke2s4U8T7ry1jpJBHoX/e8YBpGMg==",
      "peer": true,
      "dependencies": {
        "tslib": "^2.2.0"
      },
      "optionalDependencies": {
        "parse5": "^5.0.0"
      },
      "peerDependencies": {
        "@angular/common": "^12.0.0 || ^13.0.0-0",
        "@angular/core": "^12.0.0 || ^13.0.0-0",
        "rxjs": "^6.5.3 || ^7.0.0"
      }
    },
    "node_modules/@angular/common": {
      "version": "12.2.16",
      "resolved": "https://registry.npmjs.org/@angular/common/-/common-12.2.16.tgz",
      "integrity": "sha512-FEqTXTEsnbDInqV1yFlm97Tz1OFqZS5t0TUkm8gzXRgpIce/F/jLwAg0u1VQkgOsno6cNm0xTWPoZgu85NI4ug==",
      "peer": true,
      "dependencies": {
        "tslib": "^2.2.0"
      },
      "engines": {
        "node": "^12.14.1 || >=14.0.0"
      },
      "peerDependencies": {
        "@angular/core": "12.2.16",
        "rxjs": "^6.5.3 || ^7.0.0"
      }
    },
    "node_modules/@angular/compiler": {
      "version": "12.2.16",
      "resolved": "https://registry.npmjs.org/@angular/compiler/-/compiler-12.2.16.tgz",
      "integrity": "sha512-nsYEw+yu8QyeqPf9nAmG419i1mtGM4v8+U+S3eQHQFXTgJzLymMykWHYu2ETdjUpNSLK6xcIQDBWtWnWSfJjAA==",
      "peer": true,
      "dependencies": {
        "tslib": "^2.2.0"
      },
      "engines": {
        "node": "^12.14.1 || >=14.0.0"
      }
    },
    "node_modules/@angular/core": {
      "version": "12.2.16",
      "resolved": "https://registry.npmjs.org/@angular/core/-/core-12.2.16.tgz",
      "integrity": "sha512-jsmvaRdAfng99z2a9mAmkfcsCE1wm+tBYVDxnc5JquSXznwtncjzcoc2X0J0dzrkCDvzFfpTsZ9vehylytBc+A==",
      "peer": true,
      "dependencies": {
        "tslib": "^2.2.0"
      },
      "engines": {
        "node": "^12.14.1 || >=14.0.0"
      },
      "peerDependencies": {
        "rxjs": "^6.5.3 || ^7.0.0",
        "zone.js": "~0.11.4"
      }
    },
    "node_modules/@angular/forms": {
      "version": "12.2.16",
      "resolved": "https://registry.npmjs.org/@angular/forms/-/forms-12.2.16.tgz",
      "integrity": "sha512-sb+gpNun5aN7CZfHXS6X7vJcd/0A1P/gRBZpYtQTzBYnqEFCOFIvR62eb05aHQ4JhgKaSPpIXrbz/bAwY/njZw==",
      "peer": true,
      "dependencies": {
        "tslib": "^2.2.0"
      },
      "engines": {
        "node": "^12.14.1 || >=14.0.0"
      },
      "peerDependencies": {
        "@angular/common": "12.2.16",
        "@angular/core": "12.2.16",
        "@angular/platform-browser": "12.2.16",
        "rxjs": "^6.5.3 || ^7.0.0"
      }
    },
    "node_modules/@angular/material": {
      "version": "12.2.13",
      "resolved": "https://registry.npmjs.org/@angular/material/-/material-12.2.13.tgz",
      "integrity": "sha512-6g2GyN4qp2D+DqY2AwrQuPB3cd9gybvQVXvNRbTPXEulHr+LgGei00ySdFHFp6RvdGSMZ4i3LM1Fq3VkFxhCfQ==",
      "peer": true,
      "dependencies": {
        "tslib": "^2.2.0"
      },
      "peerDependencies": {
        "@angular/animations": "^12.0.0 || ^13.0.0-0",
        "@angular/cdk": "12.2.13",
        "@angular/common": "^12.0.0 || ^13.0.0-0",
        "@angular/core": "^12.0.0 || ^13.0.0-0",
        "@angular/forms": "^12.0.0 || ^13.0.0-0",
        "rxjs": "^6.5.3 || ^7.0.0"
      }
    },
    "node_modules/@angular/platform-browser": {
      "version": "12.2.16",
      "resolved": "https://registry.npmjs.org/@angular/platform-browser/-/platform-browser-12.2.16.tgz",
      "integrity": "sha512-T855ppLeQO6hRHi7lGf5fwPoUVt+c0h2rgkV5jHElc3ylaGnhecmZc6fnWLX4pw82TMJUgUV88CY8JCFabJWwg==",
      "peer": true,
      "dependencies": {
        "tslib": "^2.2.0"
      },
      "engines": {
        "node": "^12.14.1 || >=14.0.0"
      },
      "peerDependencies": {
        "@angular/animations": "12.2.16",
        "@angular/common": "12.2.16",
        "@angular/core": "12.2.16"
      },
      "peerDependenciesMeta": {
        "@angular/animations": {
          "optional": true
        }
      }
    },
    "node_modules/@angular/platform-browser-dynamic": {
      "version": "12.2.16",
      "resolved": "https://registry.npmjs.org/@angular/platform-browser-dynamic/-/platform-browser-dynamic-12.2.16.tgz",
      "integrity": "sha512-XGxoACAMW/bc3atiVRpaiYwU4LkobYwVzwlxTT/BxOfsdt8ILb5wU8Fx1TMKNECOQHSGdK0qqhch4pTBZ3cb2g==",
      "peer": true,
      "dependencies": {
        "tslib": "^2.2.0"
      },
      "engines": {
        "node": "^12.14.1 || >=14.0.0"
      },
      "peerDependencies": {
        "@angular/common": "12.2.16",
        "@angular/compiler": "12.2.16",
        "@angular/core": "12.2.16",
        "@angular/platform-browser": "12.2.16"
      }
    },
    "node_modules/@angular/router": {
      "version": "12.2.16",
      "resolved": "https://registry.npmjs.org/@angular/router/-/router-12.2.16.tgz",
      "integrity": "sha512-LuFXSMIvX/VrB4jbYhigG2Y2pGQ9ULsSBUwDWwQCf4kr0eVI37LBJ2Vr74GBEznjgQ0UmWE89E+XYI80UhERTw==",
      "peer": true,
      "dependencies": {
        "tslib": "^2.2.0"
      },
      "engines": {
        "node": "^12.14.1 || >=14.0.0"
      },
      "peerDependencies": {
        "@angular/common": "12.2.16",
        "@angular/core": "12.2.16",
        "@angular/platform-browser": "12.2.16",
        "rxjs": "^6.5.3 || ^7.0.0"
      }
    },
    "node_modules/parse5": {
      "version": "5.1.1",
      "resolved": "https://registry.npmjs.org/parse5/-/parse5-5.1.1.tgz",
      "integrity": "sha512-ugq4DFI0Ptb+WWjAdOK16+u/nHfiIrcE+sh8kZMaM0WllQKLI9rOUq6c2b7cwPkXdzfQESqvoqK6ug7U/Yyzug==",
      "optional": true,
      "peer": true
    },
    "node_modules/rxjs": {
      "version": "6.5.5",
      "resolved": "https://registry.npmjs.org/rxjs/-/rxjs-6.5.5.tgz",
      "integrity": "sha512-WfQI+1gohdf0Dai/Bbmk5L5ItH5tYqm3ki2c5GdWhKjalzjg93N3avFjVStyZZz+A2Em+ZxKH5bNghw9UeylGQ==",
      "peer": true,
      "dependencies": {
        "tslib": "^1.9.0"
      },
      "engines": {
        "npm": ">=2.0.0"
      }
    },
    "node_modules/rxjs/node_modules/tslib": {
      "version": "1.11.1",
      "resolved": "https://registry.npmjs.org/tslib/-/tslib-1.11.1.tgz",
      "integrity": "sha512-aZW88SY8kQbU7gpV19lN24LtXh/yD4ZZg6qieAJDDg+YBsJcSmLGK9QpnUjAKVG/xefmvJGd1WUmfpT/g6AJGA==",
      "peer": true
    },
    "node_modules/tslib": {
      "version": "2.3.1",
      "resolved": "https://registry.npmjs.org/tslib/-/tslib-2.3.1.tgz",
      "integrity": "sha512-77EbyPPpMz+FRFRuAFlWMtmgUWGe9UOG2Z25NqCwiIjRhOf5iKGuzSe5P2w1laq+FkRy4p+PCuVkJSGkzTEKVw==",
      "peer": true
    },
    "node_modules/zone.js": {
      "version": "0.11.4",
      "resolved": "https://registry.npmjs.org/zone.js/-/zone.js-0.11.4.tgz",
      "integrity": "sha512-DDh2Ab+A/B+9mJyajPjHFPWfYU1H+pdun4wnnk0OcQTNjem1XQSZ2CDW+rfZEUDjv5M19SBqAkjZi0x5wuB5Qw==",
      "peer": true,
      "dependencies": {
        "tslib": "^2.0.0"
      }
    }
  },
  "dependencies": {
    "@angular/animations": {
      "version": "12.2.16",
      "resolved": "https://registry.npmjs.org/@angular/animations/-/animations-12.2.16.tgz",
      "integrity": "sha512-Kf6C7Ta+fCMq5DvT9JNVhBkcECrqFa3wumiC6ssGo5sNaEzXz+tlep9ZgEbqfxSn7gAN7L1DgsbS9u0O6tbUkg==",
      "peer": true,
      "requires": {
        "tslib": "^2.2.0"
      }
    },
    "@angular/cdk": {
      "version": "12.2.13",
      "resolved": "https://registry.npmjs.org/@angular/cdk/-/cdk-12.2.13.tgz",
      "integrity": "sha512-zSKRhECyFqhingIeyRInIyTvYErt4gWo+x5DQr0b7YLUbU8DZSwWnG4w76Ke2s4U8T7ry1jpJBHoX/e8YBpGMg==",
      "peer": true,
      "requires": {
        "parse5": "^5.0.0",
        "tslib": "^2.2.0"
      }
    },
    "@angular/common": {
      "version": "12.2.16",
      "resolved": "https://registry.npmjs.org/@angular/common/-/common-12.2.16.tgz",
      "integrity": "sha512-FEqTXTEsnbDInqV1yFlm97Tz1OFqZS5t0TUkm8gzXRgpIce/F/jLwAg0u1VQkgOsno6cNm0xTWPoZgu85NI4ug==",
      "peer": true,
      "requires": {
        "tslib": "^2.2.0"
      }
    },
    "@angular/compiler": {
      "version": "12.2.16",
      "resolved": "https://registry.npmjs.org/@angular/compiler/-/compiler-12.2.16.tgz",
      "integrity": "sha512-nsYEw+yu8QyeqPf9nAmG419i1mtGM4v8+U+S3eQHQFXTgJzLymMykWHYu2ETdjUpNSLK6xcIQDBWtWnWSfJjAA==",
      "peer": true,
      "requires": {
        "tslib": "^2.2.0"
      }
    },
    "@angular/core": {
      "version": "12.2.16",
      "resolved": "https://registry.npmjs.org/@angular/core/-/core-12.2.16.tgz",
      "integrity": "sha512-jsmvaRdAfng99z2a9mAmkfcsCE1wm+tBYVDxnc5JquSXznwtncjzcoc2X0J0dzrkCDvzFfpTsZ9vehylytBc+A==",
      "peer": true,
      "requires": {
        "tslib": "^2.2.0"
      }
    },
    "@angular/forms": {
      "version": "12.2.16",
      "resolved": "https://registry.npmjs.org/@angular/forms/-/forms-12.2.16.tgz",
      "integrity": "sha512-sb+gpNun5aN7CZfHXS6X7vJcd/0A1P/gRBZpYtQTzBYnqEFCOFIvR62eb05aHQ4JhgKaSPpIXrbz/bAwY/njZw==",
      "peer": true,
      "requires": {
        "tslib": "^2.2.0"
      }
    },
    "@angular/material": {
      "version": "12.2.13",
      "resolved": "https://registry.npmjs.org/@angular/material/-/material-12.2.13.tgz",
      "integrity": "sha512-6g2GyN4qp2D+DqY2AwrQuPB3cd9gybvQVXvNRbTPXEulHr+LgGei00ySdFHFp6RvdGSMZ4i3LM1Fq3VkFxhCfQ==",
      "peer": true,
      "requires": {
        "tslib": "^2.2.0"
      }
    },
    "@angular/platform-browser": {
      "version": "12.2.16",
      "resolved": "https://registry.npmjs.org/@angular/platform-browser/-/platform-browser-12.2.16.tgz",
      "integrity": "sha512-T855ppLeQO6hRHi7lGf5fwPoUVt+c0h2rgkV5jHElc3ylaGnhecmZc6fnWLX4pw82TMJUgUV88CY8JCFabJWwg==",
      "peer": true,
      "requires": {
        "tslib": "^2.2.0"
      }
    },
    "@angular/platform-browser-dynamic": {
      "version": "12.2.16",
      "resolved": "https://registry.npmjs.org/@angular/platform-browser-dynamic/-/platform-browser-dynamic-12.2.16.tgz",
      "integrity": "sha512-XGxoACAMW/bc3atiVRpaiYwU4LkobYwVzwlxTT/BxOfsdt8ILb5wU8Fx1TMKNECOQHSGdK0qqhch4pTBZ3cb2g==",
      "peer": true,
      "requires": {
        "tslib": "^2.2.0"
      }
    },
    "@angular/router": {
      "version": "12.2.16",
      "resolved": "https://registry.npmjs.org/@angular/router/-/router-12.2.16.tgz",
      "integrity": "sha512-LuFXSMIvX/VrB4jbYhigG2Y2pGQ9ULsSBUwDWwQCf4kr0eVI37LBJ2Vr74GBEznjgQ0UmWE89E+XYI80UhERTw==",
      "peer": true,
      "requires": {
        "tslib": "^2.2.0"
      }
    },
    "parse5": {
      "version": "5.1.1",
      "resolved": "https://registry.npmjs.org/parse5/-/parse5-5.1.1.tgz",
      "integrity": "sha512-ugq4DFI0Ptb+WWjAdOK16+u/nHfiIrcE+sh8kZMaM0WllQKLI9rOUq6c2b7cwPkXdzfQESqvoqK6ug7U/Yyzug==",
      "optional": true,
      "peer": true
    },
    "rxjs": {
      "version": "6.5.5",
      "resolved": "https://registry.npmjs.org/rxjs/-/rxjs-6.5.5.tgz",
      "integrity": "sha512-WfQI+1gohdf0Dai/Bbmk5L5ItH5tYqm3ki2c5GdWhKjalzjg93N3avFjVStyZZz+A2Em+ZxKH5bNghw9UeylGQ==",
      "peer": true,
      "requires": {
        "tslib": "^1.9.0"
      },
      "dependencies": {
        "tslib": {
          "version": "1.11.1",
          "resolved": "https://registry.npmjs.org/tslib/-/tslib-1.11.1.tgz",
          "integrity": "sha512-aZW88SY8kQbU7gpV19lN24LtXh/yD4ZZg6qieAJDDg+YBsJcSmLGK9QpnUjAKVG/xefmvJGd1WUmfpT/g6AJGA==",
          "peer": true
        }
      }
    },
    "tslib": {
      "version": "2.3.1",
      "resolved": "https://registry.npmjs.org/tslib/-/tslib-2.3.1.tgz",
      "integrity": "sha512-77EbyPPpMz+FRFRuAFlWMtmgUWGe9UOG2Z25NqCwiIjRhOf5iKGuzSe5P2w1laq+FkRy4p+PCuVkJSGkzTEKVw==",
      "peer": true
    },
    "zone.js": {
      "version": "0.11.4",
      "resolved": "https://registry.npmjs.org/zone.js/-/zone.js-0.11.4.tgz",
      "integrity": "sha512-DDh2Ab+A/B+9mJyajPjHFPWfYU1H+pdun4wnnk0OcQTNjem1XQSZ2CDW+rfZEUDjv5M19SBqAkjZi0x5wuB5Qw==",
      "peer": true,
      "requires": {
        "tslib": "^2.0.0"
      }
    }
  }
}
